
Microsoft Visual Studio Solution File, Format Version 12.00
# Visual Studio 15
VisualStudioVersion = 15.0.27130.2010
MinimumVisualStudioVersion = 10.0.40219.1
Project("{2150E333-8FDC-42A3-9474-1A3956D46DE8}") = "Libraries", "Libraries", "{A93EFD3A-6CC8-4CB7-A8C4-63DC3668C3E1}"
EndProject
Project("{2150E333-8FDC-42A3-9474-1A3956D46DE8}") = "Plugins", "Plugins", "{737FB1BB-3495-4F94-B34E-CE1A4292D993}"
	ProjectSection(SolutionItems) = preProject
		Plugins\TextFile1.txt = Plugins\TextFile1.txt
	EndProjectSection
EndProject
Project("{2150E333-8FDC-42A3-9474-1A3956D46DE8}") = "Presentations", "Presentations", "{531B5D4E-AB15-44C6-A495-3DAE9BC9C40C}"
	ProjectSection(SolutionItems) = preProject
		Presentations\TextFile1.txt = Presentations\TextFile1.txt
	EndProjectSection
EndProject
Project("{2150E333-8FDC-42A3-9474-1A3956D46DE8}") = "Tests", "Tests", "{89BD1D46-982F-44F4-8157-9340E62C8079}"
	ProjectSection(SolutionItems) = preProject
		Tests\TextFile1.txt = Tests\TextFile1.txt
	EndProjectSection
EndProject
Project("{FAE04EC0-301F-11D3-BF4B-00C04F79EFBC}") = "AzRAdmin.Core", "Libraries\AzRAdmin.Core\AzRAdmin.Core.csproj", "{406C1491-0444-4CA5-BB6D-1985841192B8}"
EndProject
Global
	GlobalSection(SolutionConfigurationPlatforms) = preSolution
		Debug|Any CPU = Debug|Any CPU
		Release|Any CPU = Release|Any CPU
	EndGlobalSection
	GlobalSection(ProjectConfigurationPlatforms) = postSolution
		{406C1491-0444-4CA5-BB6D-1985841192B8}.Debug|Any CPU.ActiveCfg = Debug|Any CPU
		{406C1491-0444-4CA5-BB6D-1985841192B8}.Debug|Any CPU.Build.0 = Debug|Any CPU
		{406C1491-0444-4CA5-BB6D-1985841192B8}.Release|Any CPU.ActiveCfg = Release|Any CPU
		{406C1491-0444-4CA5-BB6D-1985841192B8}.Release|Any CPU.Build.0 = Release|Any CPU
	EndGlobalSection
	GlobalSection(SolutionProperties) = preSolution
		HideSolutionNode = FALSE
	EndGlobalSection
	GlobalSection(NestedProjects) = preSolution
		{406C1491-0444-4CA5-BB6D-1985841192B8} = {A93EFD3A-6CC8-4CB7-A8C4-63DC3668C3E1}
	EndGlobalSection
	GlobalSection(ExtensibilityGlobals) = postSolution
		SolutionGuid = {A53F5DC1-B583-4495-B638-C094209708A7}
	EndGlobalSection
EndGlobal
