
Microsoft Visual Studio Solution File, Format Version 12.00
# Visual Studio 15
VisualStudioVersion = 15.0.27130.2010
MinimumVisualStudioVersion = 10.0.40219.1
Project("{2150E333-8FDC-42A3-9474-1A3956D46DE8}") = "Libraries", "Libraries", "{A93EFD3A-6CC8-4CB7-A8C4-63DC3668C3E1}"
EndProject
Project("{2150E333-8FDC-42A3-9474-1A3956D46DE8}") = "Plugins", "Plugins", "{737FB1BB-3495-4F94-B34E-CE1A4292D993}"
EndProject
Project("{2150E333-8FDC-42A3-9474-1A3956D46DE8}") = "Presentations", "Presentations", "{531B5D4E-AB15-44C6-A495-3DAE9BC9C40C}"
EndProject
Project("{2150E333-8FDC-42A3-9474-1A3956D46DE8}") = "Tests", "Tests", "{89BD1D46-982F-44F4-8157-9340E62C8079}"
EndProject
Project("{FAE04EC0-301F-11D3-BF4B-00C04F79EFBC}") = "AzR.Core", "Libraries\AzR.Core\AzR.Core.csproj", "{406C1491-0444-4CA5-BB6D-1985841192B8}"
EndProject
Project("{2150E333-8FDC-42A3-9474-1A3956D46DE8}") = "Adnin", "Adnin", "{98CA431C-4275-4DBE-A808-21181ADD7418}"
EndProject
Project("{FAE04EC0-301F-11D3-BF4B-00C04F79EFBC}") = "AzR.Admin.DataAccess", "Plugins\Admin\AzR.Admin.DataAccess\AzR.Admin.DataAccess.csproj", "{7A4EE30E-4273-4C0C-9F04-2F37417CA4C4}"
EndProject
Project("{FAE04EC0-301F-11D3-BF4B-00C04F79EFBC}") = "AzR.Core.Business", "Libraries\AzR.Core.Business\AzR.Core.Business.csproj", "{60F9F3FE-E6FE-4C94-A4C5-5E6199021BC7}"
EndProject
Project("{FAE04EC0-301F-11D3-BF4B-00C04F79EFBC}") = "AzR.Admin.Business", "Plugins\Admin\AzR.Admin.Business\AzR.Admin.Business.csproj", "{9BA98FF7-C3E1-4D22-92DA-C5D788E24C99}"
EndProject
Project("{2150E333-8FDC-42A3-9474-1A3956D46DE8}") = "Web", "Web", "{6F2CEBB9-87B0-4C30-BE0B-2377A36373CE}"
EndProject
Project("{FAE04EC0-301F-11D3-BF4B-00C04F79EFBC}") = "AzR.Web.Root", "Presentations\Web\AzR.Web.Root\AzR.Web.Root.csproj", "{12810B1B-8E15-4B89-A661-338A193A4987}"
EndProject
Project("{2150E333-8FDC-42A3-9474-1A3956D46DE8}") = "Core", "Core", "{0B8D847C-CE2C-4968-97C8-E3A86D0D2F9A}"
EndProject
Project("{FAE04EC0-301F-11D3-BF4B-00C04F79EFBC}") = "AzR.Core.Test", "Tests\Core\AzR.Core.Test\AzR.Core.Test.csproj", "{CF13E5AF-C9DE-4E5B-9E8A-E3D8A6A9CE0F}"
EndProject
Project("{FAE04EC0-301F-11D3-BF4B-00C04F79EFBC}") = "AzR.Admin.Web", "Presentations\Web\AzR.Admin.Web\AzR.Admin.Web.csproj", "{C8BFD8AA-A254-4F22-A218-599411EBFEFB}"
EndProject
Global
	GlobalSection(SolutionConfigurationPlatforms) = preSolution
		Debug|Any CPU = Debug|Any CPU
		Release|Any CPU = Release|Any CPU
	EndGlobalSection
	GlobalSection(ProjectConfigurationPlatforms) = postSolution
		{406C1491-0444-4CA5-BB6D-1985841192B8}.Debug|Any CPU.ActiveCfg = Debug|Any CPU
		{406C1491-0444-4CA5-BB6D-1985841192B8}.Debug|Any CPU.Build.0 = Debug|Any CPU
		{406C1491-0444-4CA5-BB6D-1985841192B8}.Release|Any CPU.ActiveCfg = Release|Any CPU
		{406C1491-0444-4CA5-BB6D-1985841192B8}.Release|Any CPU.Build.0 = Release|Any CPU
		{7A4EE30E-4273-4C0C-9F04-2F37417CA4C4}.Debug|Any CPU.ActiveCfg = Debug|Any CPU
		{7A4EE30E-4273-4C0C-9F04-2F37417CA4C4}.Debug|Any CPU.Build.0 = Debug|Any CPU
		{7A4EE30E-4273-4C0C-9F04-2F37417CA4C4}.Release|Any CPU.ActiveCfg = Release|Any CPU
		{7A4EE30E-4273-4C0C-9F04-2F37417CA4C4}.Release|Any CPU.Build.0 = Release|Any CPU
		{60F9F3FE-E6FE-4C94-A4C5-5E6199021BC7}.Debug|Any CPU.ActiveCfg = Debug|Any CPU
		{60F9F3FE-E6FE-4C94-A4C5-5E6199021BC7}.Debug|Any CPU.Build.0 = Debug|Any CPU
		{60F9F3FE-E6FE-4C94-A4C5-5E6199021BC7}.Release|Any CPU.ActiveCfg = Release|Any CPU
		{60F9F3FE-E6FE-4C94-A4C5-5E6199021BC7}.Release|Any CPU.Build.0 = Release|Any CPU
		{9BA98FF7-C3E1-4D22-92DA-C5D788E24C99}.Debug|Any CPU.ActiveCfg = Debug|Any CPU
		{9BA98FF7-C3E1-4D22-92DA-C5D788E24C99}.Debug|Any CPU.Build.0 = Debug|Any CPU
		{9BA98FF7-C3E1-4D22-92DA-C5D788E24C99}.Release|Any CPU.ActiveCfg = Release|Any CPU
		{9BA98FF7-C3E1-4D22-92DA-C5D788E24C99}.Release|Any CPU.Build.0 = Release|Any CPU
		{12810B1B-8E15-4B89-A661-338A193A4987}.Debug|Any CPU.ActiveCfg = Debug|Any CPU
		{12810B1B-8E15-4B89-A661-338A193A4987}.Debug|Any CPU.Build.0 = Debug|Any CPU
		{12810B1B-8E15-4B89-A661-338A193A4987}.Release|Any CPU.ActiveCfg = Release|Any CPU
		{12810B1B-8E15-4B89-A661-338A193A4987}.Release|Any CPU.Build.0 = Release|Any CPU
		{CF13E5AF-C9DE-4E5B-9E8A-E3D8A6A9CE0F}.Debug|Any CPU.ActiveCfg = Debug|Any CPU
		{CF13E5AF-C9DE-4E5B-9E8A-E3D8A6A9CE0F}.Debug|Any CPU.Build.0 = Debug|Any CPU
		{CF13E5AF-C9DE-4E5B-9E8A-E3D8A6A9CE0F}.Release|Any CPU.ActiveCfg = Release|Any CPU
		{CF13E5AF-C9DE-4E5B-9E8A-E3D8A6A9CE0F}.Release|Any CPU.Build.0 = Release|Any CPU
		{C8BFD8AA-A254-4F22-A218-599411EBFEFB}.Debug|Any CPU.ActiveCfg = Debug|Any CPU
		{C8BFD8AA-A254-4F22-A218-599411EBFEFB}.Debug|Any CPU.Build.0 = Debug|Any CPU
		{C8BFD8AA-A254-4F22-A218-599411EBFEFB}.Release|Any CPU.ActiveCfg = Release|Any CPU
		{C8BFD8AA-A254-4F22-A218-599411EBFEFB}.Release|Any CPU.Build.0 = Release|Any CPU
	EndGlobalSection
	GlobalSection(SolutionProperties) = preSolution
		HideSolutionNode = FALSE
	EndGlobalSection
	GlobalSection(NestedProjects) = preSolution
		{406C1491-0444-4CA5-BB6D-1985841192B8} = {A93EFD3A-6CC8-4CB7-A8C4-63DC3668C3E1}
		{98CA431C-4275-4DBE-A808-21181ADD7418} = {737FB1BB-3495-4F94-B34E-CE1A4292D993}
		{7A4EE30E-4273-4C0C-9F04-2F37417CA4C4} = {98CA431C-4275-4DBE-A808-21181ADD7418}
		{60F9F3FE-E6FE-4C94-A4C5-5E6199021BC7} = {A93EFD3A-6CC8-4CB7-A8C4-63DC3668C3E1}
		{9BA98FF7-C3E1-4D22-92DA-C5D788E24C99} = {98CA431C-4275-4DBE-A808-21181ADD7418}
		{6F2CEBB9-87B0-4C30-BE0B-2377A36373CE} = {531B5D4E-AB15-44C6-A495-3DAE9BC9C40C}
		{12810B1B-8E15-4B89-A661-338A193A4987} = {6F2CEBB9-87B0-4C30-BE0B-2377A36373CE}
		{0B8D847C-CE2C-4968-97C8-E3A86D0D2F9A} = {89BD1D46-982F-44F4-8157-9340E62C8079}
		{CF13E5AF-C9DE-4E5B-9E8A-E3D8A6A9CE0F} = {0B8D847C-CE2C-4968-97C8-E3A86D0D2F9A}
		{C8BFD8AA-A254-4F22-A218-599411EBFEFB} = {6F2CEBB9-87B0-4C30-BE0B-2377A36373CE}
	EndGlobalSection
	GlobalSection(ExtensibilityGlobals) = postSolution
		SolutionGuid = {A53F5DC1-B583-4495-B638-C094209708A7}
	EndGlobalSection
EndGlobal
